// !$*UTF8*$!
{
	archiveVersion = 1;
	classes = {
	};
	objectVersion = 55;
	objects = {

/* Begin PBXBuildFile section */
		8589A43B27E9FE7800BC2039 /* AppDelegate.m in Sources */ = {isa = PBXBuildFile; fileRef = 8589A43A27E9FE7800BC2039 /* AppDelegate.m */; };
		8589A43E27E9FE7800BC2039 /* SceneDelegate.m in Sources */ = {isa = PBXBuildFile; fileRef = 8589A43D27E9FE7800BC2039 /* SceneDelegate.m */; };
		8589A44127E9FE7800BC2039 /* ViewController.m in Sources */ = {isa = PBXBuildFile; fileRef = 8589A44027E9FE7800BC2039 /* ViewController.m */; };
		8589A44427E9FE7800BC2039 /* Main.storyboard in Resources */ = {isa = PBXBuildFile; fileRef = 8589A44227E9FE7800BC2039 /* Main.storyboard */; };
		8589A44627E9FE7900BC2039 /* Assets.xcassets in Resources */ = {isa = PBXBuildFile; fileRef = 8589A44527E9FE7900BC2039 /* Assets.xcassets */; };
		8589A44927E9FE7900BC2039 /* LaunchScreen.storyboard in Resources */ = {isa = PBXBuildFile; fileRef = 8589A44727E9FE7900BC2039 /* LaunchScreen.storyboard */; };
		8589A44C27E9FE7900BC2039 /* main.m in Sources */ = {isa = PBXBuildFile; fileRef = 8589A44B27E9FE7900BC2039 /* main.m */; };
		8589A45627E9FE7900BC2039 /* delay_and_call_methodTests.m in Sources */ = {isa = PBXBuildFile; fileRef = 8589A45527E9FE7900BC2039 /* delay_and_call_methodTests.m */; };
		8589A46027E9FE7900BC2039 /* delay_and_call_methodUITests.m in Sources */ = {isa = PBXBuildFile; fileRef = 8589A45F27E9FE7900BC2039 /* delay_and_call_methodUITests.m */; };
		8589A46227E9FE7900BC2039 /* delay_and_call_methodUITestsLaunchTests.m in Sources */ = {isa = PBXBuildFile; fileRef = 8589A46127E9FE7900BC2039 /* delay_and_call_methodUITestsLaunchTests.m */; };
/* End PBXBuildFile section */

/* Begin PBXContainerItemProxy section */
		8589A45227E9FE7900BC2039 /* PBXContainerItemProxy */ = {
			isa = PBXContainerItemProxy;
			containerPortal = 8589A42E27E9FE7800BC2039 /* Project object */;
			proxyType = 1;
			remoteGlobalIDString = 8589A43527E9FE7800BC2039;
			remoteInfo = delay_and_call_method;
		};
		8589A45C27E9FE7900BC2039 /* PBXContainerItemProxy */ = {
			isa = PBXContainerItemProxy;
			containerPortal = 8589A42E27E9FE7800BC2039 /* Project object */;
			proxyType = 1;
			remoteGlobalIDString = 8589A43527E9FE7800BC2039;
			remoteInfo = delay_and_call_method;
		};
/* End PBXContainerItemProxy section */

/* Begin PBXFileReference section */
		8589A43627E9FE7800BC2039 /* delay_and_call_method.app */ = {isa = PBXFileReference; explicitFileType = wrapper.application; includeInIndex = 0; path = delay_and_call_method.app; sourceTree = BUILT_PRODUCTS_DIR; };
		8589A43927E9FE7800BC2039 /* AppDelegate.h */ = {isa = PBXFileReference; lastKnownFileType = sourcecode.c.h; path = AppDelegate.h; sourceTree = "<group>"; };
		8589A43A27E9FE7800BC2039 /* AppDelegate.m */ = {isa = PBXFileReference; lastKnownFileType = sourcecode.c.objc; path = AppDelegate.m; sourceTree = "<group>"; };
		8589A43C27E9FE7800BC2039 /* SceneDelegate.h */ = {isa = PBXFileReference; lastKnownFileType = sourcecode.c.h; path = SceneDelegate.h; sourceTree = "<group>"; };
		8589A43D27E9FE7800BC2039 /* SceneDelegate.m */ = {isa = PBXFileReference; lastKnownFileType = sourcecode.c.objc; path = SceneDelegate.m; sourceTree = "<group>"; };
		8589A43F27E9FE7800BC2039 /* ViewController.h */ = {isa = PBXFileReference; lastKnownFileType = sourcecode.c.h; path = ViewController.h; sourceTree = "<group>"; };
		8589A44027E9FE7800BC2039 /* ViewController.m */ = {isa = PBXFileReference; lastKnownFileType = sourcecode.c.objc; path = ViewController.m; sourceTree = "<group>"; };
		8589A44327E9FE7800BC2039 /* Base */ = {isa = PBXFileReference; lastKnownFileType = file.storyboard; name = Base; path = Base.lproj/Main.storyboard; sourceTree = "<group>"; };
		8589A44527E9FE7900BC2039 /* Assets.xcassets */ = {isa = PBXFileReference; lastKnownFileType = folder.assetcatalog; path = Assets.xcassets; sourceTree = "<group>"; };
		8589A44827E9FE7900BC2039 /* Base */ = {isa = PBXFileReference; lastKnownFileType = file.storyboard; name = Base; path = Base.lproj/LaunchScreen.storyboard; sourceTree = "<group>"; };
		8589A44A27E9FE7900BC2039 /* Info.plist */ = {isa = PBXFileReference; lastKnownFileType = text.plist.xml; path = Info.plist; sourceTree = "<group>"; };
		8589A44B27E9FE7900BC2039 /* main.m */ = {isa = PBXFileReference; lastKnownFileType = sourcecode.c.objc; path = main.m; sourceTree = "<group>"; };
		8589A45127E9FE7900BC2039 /* delay_and_call_methodTests.xctest */ = {isa = PBXFileReference; explicitFileType = wrapper.cfbundle; includeInIndex = 0; path = delay_and_call_methodTests.xctest; sourceTree = BUILT_PRODUCTS_DIR; };
		8589A45527E9FE7900BC2039 /* delay_and_call_methodTests.m */ = {isa = PBXFileReference; lastKnownFileType = sourcecode.c.objc; path = delay_and_call_methodTests.m; sourceTree = "<group>"; };
		8589A45B27E9FE7900BC2039 /* delay_and_call_methodUITests.xctest */ = {isa = PBXFileReference; explicitFileType = wrapper.cfbundle; includeInIndex = 0; path = delay_and_call_methodUITests.xctest; sourceTree = BUILT_PRODUCTS_DIR; };
		8589A45F27E9FE7900BC2039 /* delay_and_call_methodUITests.m */ = {isa = PBXFileReference; lastKnownFileType = sourcecode.c.objc; path = delay_and_call_methodUITests.m; sourceTree = "<group>"; };
		8589A46127E9FE7900BC2039 /* delay_and_call_methodUITestsLaunchTests.m */ = {isa = PBXFileReference; lastKnownFileType = sourcecode.c.objc; path = delay_and_call_methodUITestsLaunchTests.m; sourceTree = "<group>"; };
/* End PBXFileReference section */

/* Begin PBXFrameworksBuildPhase section */
		8589A43327E9FE7800BC2039 /* Frameworks */ = {
			isa = PBXFrameworksBuildPhase;
			buildActionMask = 2147483647;
			files = (
			);
			runOnlyForDeploymentPostprocessing = 0;
		};
		8589A44E27E9FE7900BC2039 /* Frameworks */ = {
			isa = PBXFrameworksBuildPhase;
			buildActionMask = 2147483647;
			files = (
			);
			runOnlyForDeploymentPostprocessing = 0;
		};
		8589A45827E9FE7900BC2039 /* Frameworks */ = {
			isa = PBXFrameworksBuildPhase;
			buildActionMask = 2147483647;
			files = (
			);
			runOnlyForDeploymentPostprocessing = 0;
		};
/* End PBXFrameworksBuildPhase section */

/* Begin PBXGroup section */
		8589A42D27E9FE7800BC2039 = {
			isa = PBXGroup;
			children = (
				8589A43827E9FE7800BC2039 /* delay_and_call_method */,
				8589A45427E9FE7900BC2039 /* delay_and_call_methodTests */,
				8589A45E27E9FE7900BC2039 /* delay_and_call_methodUITests */,
				8589A43727E9FE7800BC2039 /* Products */,
			);
			sourceTree = "<group>";
		};
		8589A43727E9FE7800BC2039 /* Products */ = {
			isa = PBXGroup;
			children = (
				8589A43627E9FE7800BC2039 /* delay_and_call_method.app */,
				8589A45127E9FE7900BC2039 /* delay_and_call_methodTests.xctest */,
				8589A45B27E9FE7900BC2039 /* delay_and_call_methodUITests.xctest */,
			);
			name = Products;
			sourceTree = "<group>";
		};
		8589A43827E9FE7800BC2039 /* delay_and_call_method */ = {
			isa = PBXGroup;
			children = (
				8589A43927E9FE7800BC2039 /* AppDelegate.h */,
				8589A43A27E9FE7800BC2039 /* AppDelegate.m */,
				8589A43C27E9FE7800BC2039 /* SceneDelegate.h */,
				8589A43D27E9FE7800BC2039 /* SceneDelegate.m */,
				8589A43F27E9FE7800BC2039 /* ViewController.h */,
				8589A44027E9FE7800BC2039 /* ViewController.m */,
				8589A44227E9FE7800BC2039 /* Main.storyboard */,
				8589A44527E9FE7900BC2039 /* Assets.xcassets */,
				8589A44727E9FE7900BC2039 /* LaunchScreen.storyboard */,
				8589A44A27E9FE7900BC2039 /* Info.plist */,
				8589A44B27E9FE7900BC2039 /* main.m */,
			);
			path = delay_and_call_method;
			sourceTree = "<group>";
		};
		8589A45427E9FE7900BC2039 /* delay_and_call_methodTests */ = {
			isa = PBXGroup;
			children = (
				8589A45527E9FE7900BC2039 /* delay_and_call_methodTests.m */,
			);
			path = delay_and_call_methodTests;
			sourceTree = "<group>";
		};
		8589A45E27E9FE7900BC2039 /* delay_and_call_methodUITests */ = {
			isa = PBXGroup;
			children = (
				8589A45F27E9FE7900BC2039 /* delay_and_call_methodUITests.m */,
				8589A46127E9FE7900BC2039 /* delay_and_call_methodUITestsLaunchTests.m */,
			);
			path = delay_and_call_methodUITests;
			sourceTree = "<group>";
		};
/* End PBXGroup section */

/* Begin PBXNativeTarget section */
		8589A43527E9FE7800BC2039 /* delay_and_call_method */ = {
			isa = PBXNativeTarget;
			buildConfigurationList = 8589A46527E9FE7900BC2039 /* Build configuration list for PBXNativeTarget "delay_and_call_method" */;
			buildPhases = (
				8589A43227E9FE7800BC2039 /* Sources */,
				8589A43327E9FE7800BC2039 /* Frameworks */,
				8589A43427E9FE7800BC2039 /* Resources */,
			);
			buildRules = (
			);
			dependencies = (
			);
			name = delay_and_call_method;
			productName = delay_and_call_method;
			productReference = 8589A43627E9FE7800BC2039 /* delay_and_call_method.app */;
			productType = "com.apple.product-type.application";
		};
		8589A45027E9FE7900BC2039 /* delay_and_call_methodTests */ = {
			isa = PBXNativeTarget;
			buildConfigurationList = 8589A46827E9FE7900BC2039 /* Build configuration list for PBXNativeTarget "delay_and_call_methodTests" */;
			buildPhases = (
				8589A44D27E9FE7900BC2039 /* Sources */,
				8589A44E27E9FE7900BC2039 /* Frameworks */,
				8589A44F27E9FE7900BC2039 /* Resources */,
			);
			buildRules = (
			);
			dependencies = (
				8589A45327E9FE7900BC2039 /* PBXTargetDependency */,
			);
			name = delay_and_call_methodTests;
			productName = delay_and_call_methodTests;
			productReference = 8589A45127E9FE7900BC2039 /* delay_and_call_methodTests.xctest */;
			productType = "com.apple.product-type.bundle.unit-test";
		};
		8589A45A27E9FE7900BC2039 /* delay_and_call_methodUITests */ = {
			isa = PBXNativeTarget;
			buildConfigurationList = 8589A46B27E9FE7900BC2039 /* Build configuration list for PBXNativeTarget "delay_and_call_methodUITests" */;
			buildPhases = (
				8589A45727E9FE7900BC2039 /* Sources */,
				8589A45827E9FE7900BC2039 /* Frameworks */,
				8589A45927E9FE7900BC2039 /* Resources */,
			);
			buildRules = (
			);
			dependencies = (
				8589A45D27E9FE7900BC2039 /* PBXTargetDependency */,
			);
			name = delay_and_call_methodUITests;
			productName = delay_and_call_methodUITests;
			productReference = 8589A45B27E9FE7900BC2039 /* delay_and_call_methodUITests.xctest */;
			productType = "com.apple.product-type.bundle.ui-testing";
		};
/* End PBXNativeTarget section */

/* Begin PBXProject section */
		8589A42E27E9FE7800BC2039 /* Project object */ = {
			isa = PBXProject;
			attributes = {
				BuildIndependentTargetsInParallel = 1;
				LastUpgradeCheck = 1330;
				TargetAttributes = {
					8589A43527E9FE7800BC2039 = {
						CreatedOnToolsVersion = 13.3;
					};
					8589A45027E9FE7900BC2039 = {
						CreatedOnToolsVersion = 13.3;
						TestTargetID = 8589A43527E9FE7800BC2039;
					};
					8589A45A27E9FE7900BC2039 = {
						CreatedOnToolsVersion = 13.3;
						TestTargetID = 8589A43527E9FE7800BC2039;
					};
				};
			};
			buildConfigurationList = 8589A43127E9FE7800BC2039 /* Build configuration list for PBXProject "delay_and_call_method" */;
			compatibilityVersion = "Xcode 13.0";
			developmentRegion = en;
			hasScannedForEncodings = 0;
			knownRegions = (
				en,
				Base,
			);
			mainGroup = 8589A42D27E9FE7800BC2039;
			productRefGroup = 8589A43727E9FE7800BC2039 /* Products */;
			projectDirPath = "";
			projectRoot = "";
			targets = (
				8589A43527E9FE7800BC2039 /* delay_and_call_method */,
				8589A45027E9FE7900BC2039 /* delay_and_call_methodTests */,
				8589A45A27E9FE7900BC2039 /* delay_and_call_methodUITests */,
			);
		};
/* End PBXProject section */

/* Begin PBXResourcesBuildPhase section */
		8589A43427E9FE7800BC2039 /* Resources */ = {
			isa = PBXResourcesBuildPhase;
			buildActionMask = 2147483647;
			files = (
				8589A44927E9FE7900BC2039 /* LaunchScreen.storyboard in Resources */,
				8589A44627E9FE7900BC2039 /* Assets.xcassets in Resources */,
				8589A44427E9FE7800BC2039 /* Main.storyboard in Resources */,
			);
			runOnlyForDeploymentPostprocessing = 0;
		};
		8589A44F27E9FE7900BC2039 /* Resources */ = {
			isa = PBXResourcesBuildPhase;
			buildActionMask = 2147483647;
			files = (
			);
			runOnlyForDeploymentPostprocessing = 0;
		};
		8589A45927E9FE7900BC2039 /* Resources */ = {
			isa = PBXResourcesBuildPhase;
			buildActionMask = 2147483647;
			files = (
			);
			runOnlyForDeploymentPostprocessing = 0;
		};
/* End PBXResourcesBuildPhase section */

/* Begin PBXSourcesBuildPhase section */
		8589A43227E9FE7800BC2039 /* Sources */ = {
			isa = PBXSourcesBuildPhase;
			buildActionMask = 2147483647;
			files = (
				8589A44127E9FE7800BC2039 /* ViewController.m in Sources */,
				8589A43B27E9FE7800BC2039 /* AppDelegate.m in Sources */,
				8589A44C27E9FE7900BC2039 /* main.m in Sources */,
				8589A43E27E9FE7800BC2039 /* SceneDelegate.m in Sources */,
			);
			runOnlyForDeploymentPostprocessing = 0;
		};
		8589A44D27E9FE7900BC2039 /* Sources */ = {
			isa = PBXSourcesBuildPhase;
			buildActionMask = 2147483647;
			files = (
				8589A45627E9FE7900BC2039 /* delay_and_call_methodTests.m in Sources */,
			);
			runOnlyForDeploymentPostprocessing = 0;
		};
		8589A45727E9FE7900BC2039 /* Sources */ = {
			isa = PBXSourcesBuildPhase;
			buildActionMask = 2147483647;
			files = (
				8589A46027E9FE7900BC2039 /* delay_and_call_methodUITests.m in Sources */,
				8589A46227E9FE7900BC2039 /* delay_and_call_methodUITestsLaunchTests.m in Sources */,
			);
			runOnlyForDeploymentPostprocessing = 0;
		};
/* End PBXSourcesBuildPhase section */

/* Begin PBXTargetDependency section */
		8589A45327E9FE7900BC2039 /* PBXTargetDependency */ = {
			isa = PBXTargetDependency;
			target = 8589A43527E9FE7800BC2039 /* delay_and_call_method */;
			targetProxy = 8589A45227E9FE7900BC2039 /* PBXContainerItemProxy */;
		};
		8589A45D27E9FE7900BC2039 /* PBXTargetDependency */ = {
			isa = PBXTargetDependency;
			target = 8589A43527E9FE7800BC2039 /* delay_and_call_method */;
			targetProxy = 8589A45C27E9FE7900BC2039 /* PBXContainerItemProxy */;
		};
/* End PBXTargetDependency section */

/* Begin PBXVariantGroup section */
		8589A44227E9FE7800BC2039 /* Main.storyboard */ = {
			isa = PBXVariantGroup;
			children = (
				8589A44327E9FE7800BC2039 /* Base */,
			);
			name = Main.storyboard;
			sourceTree = "<group>";
		};
		8589A44727E9FE7900BC2039 /* LaunchScreen.storyboard */ = {
			isa = PBXVariantGroup;
			children = (
				8589A44827E9FE7900BC2039 /* Base */,
			);
			name = LaunchScreen.storyboard;
			sourceTree = "<group>";
		};
/* End PBXVariantGroup section */

/* Begin XCBuildConfiguration section */
		8589A46327E9FE7900BC2039 /* Debug */ = {
			isa = XCBuildConfiguration;
			buildSettings = {
				ALWAYS_SEARCH_USER_PATHS = NO;
				CLANG_ANALYZER_NONNULL = YES;
				CLANG_ANALYZER_NUMBER_OBJECT_CONVERSION = YES_AGGRESSIVE;
				CLANG_CXX_LANGUAGE_STANDARD = "gnu++17";
				CLANG_ENABLE_MODULES = YES;
				CLANG_ENABLE_OBJC_ARC = YES;
				CLANG_ENABLE_OBJC_WEAK = YES;
				CLANG_WARN_BLOCK_CAPTURE_AUTORELEASING = YES;
				CLANG_WARN_BOOL_CONVERSION = YES;
				CLANG_WARN_COMMA = YES;
				CLANG_WARN_CONSTANT_CONVERSION = YES;
				CLANG_WARN_DEPRECATED_OBJC_IMPLEMENTATIONS = YES;
				CLANG_WARN_DIRECT_OBJC_ISA_USAGE = YES_ERROR;
				CLANG_WARN_DOCUMENTATION_COMMENTS = YES;
				CLANG_WARN_EMPTY_BODY = YES;
				CLANG_WARN_ENUM_CONVERSION = YES;
				CLANG_WARN_INFINITE_RECURSION = YES;
				CLANG_WARN_INT_CONVERSION = YES;
				CLANG_WARN_NON_LITERAL_NULL_CONVERSION = YES;
				CLANG_WARN_OBJC_IMPLICIT_RETAIN_SELF = YES;
				CLANG_WARN_OBJC_LITERAL_CONVERSION = YES;
				CLANG_WARN_OBJC_ROOT_CLASS = YES_ERROR;
				CLANG_WARN_QUOTED_INCLUDE_IN_FRAMEWORK_HEADER = YES;
				CLANG_WARN_RANGE_LOOP_ANALYSIS = YES;
				CLANG_WARN_STRICT_PROTOTYPES = YES;
				CLANG_WARN_SUSPICIOUS_MOVE = YES;
				CLANG_WARN_UNGUARDED_AVAILABILITY = YES_AGGRESSIVE;
				CLANG_WARN_UNREACHABLE_CODE = YES;
				CLANG_WARN__DUPLICATE_METHOD_MATCH = YES;
				COPY_PHASE_STRIP = NO;
				DEBUG_INFORMATION_FORMAT = dwarf;
				ENABLE_STRICT_OBJC_MSGSEND = YES;
				ENABLE_TESTABILITY = YES;
				GCC_C_LANGUAGE_STANDARD = gnu11;
				GCC_DYNAMIC_NO_PIC = NO;
				GCC_NO_COMMON_BLOCKS = YES;
				GCC_OPTIMIZATION_LEVEL = 0;
				GCC_PREPROCESSOR_DEFINITIONS = (
					"DEBUG=1",
					"$(inherited)",
				);
				GCC_WARN_64_TO_32_BIT_CONVERSION = YES;
				GCC_WARN_ABOUT_RETURN_TYPE = YES_ERROR;
				GCC_WARN_UNDECLARED_SELECTOR = YES;
				GCC_WARN_UNINITIALIZED_AUTOS = YES_AGGRESSIVE;
				GCC_WARN_UNUSED_FUNCTION = YES;
				GCC_WARN_UNUSED_VARIABLE = YES;
				IPHONEOS_DEPLOYMENT_TARGET = 15.4;
				MTL_ENABLE_DEBUG_INFO = INCLUDE_SOURCE;
				MTL_FAST_MATH = YES;
				ONLY_ACTIVE_ARCH = YES;
				SDKROOT = iphoneos;
			};
			name = Debug;
		};
		8589A46427E9FE7900BC2039 /* Release */ = {
			isa = XCBuildConfiguration;
			buildSettings = {
				ALWAYS_SEARCH_USER_PATHS = NO;
				CLANG_ANALYZER_NONNULL = YES;
				CLANG_ANALYZER_NUMBER_OBJECT_CONVERSION = YES_AGGRESSIVE;
				CLANG_CXX_LANGUAGE_STANDARD = "gnu++17";
				CLANG_ENABLE_MODULES = YES;
				CLANG_ENABLE_OBJC_ARC = YES;
				CLANG_ENABLE_OBJC_WEAK = YES;
				CLANG_WARN_BLOCK_CAPTURE_AUTORELEASING = YES;
				CLANG_WARN_BOOL_CONVERSION = YES;
				CLANG_WARN_COMMA = YES;
				CLANG_WARN_CONSTANT_CONVERSION = YES;
				CLANG_WARN_DEPRECATED_OBJC_IMPLEMENTATIONS = YES;
				CLANG_WARN_DIRECT_OBJC_ISA_USAGE = YES_ERROR;
				CLANG_WARN_DOCUMENTATION_COMMENTS = YES;
				CLANG_WARN_EMPTY_BODY = YES;
				CLANG_WARN_ENUM_CONVERSION = YES;
				CLANG_WARN_INFINITE_RECURSION = YES;
				CLANG_WARN_INT_CONVERSION = YES;
				CLANG_WARN_NON_LITERAL_NULL_CONVERSION = YES;
				CLANG_WARN_OBJC_IMPLICIT_RETAIN_SELF = YES;
				CLANG_WARN_OBJC_LITERAL_CONVERSION = YES;
				CLANG_WARN_OBJC_ROOT_CLASS = YES_ERROR;
				CLANG_WARN_QUOTED_INCLUDE_IN_FRAMEWORK_HEADER = YES;
				CLANG_WARN_RANGE_LOOP_ANALYSIS = YES;
				CLANG_WARN_STRICT_PROTOTYPES = YES;
				CLANG_WARN_SUSPICIOUS_MOVE = YES;
				CLANG_WARN_UNGUARDED_AVAILABILITY = YES_AGGRESSIVE;
				CLANG_WARN_UNREACHABLE_CODE = YES;
				CLANG_WARN__DUPLICATE_METHOD_MATCH = YES;
				COPY_PHASE_STRIP = NO;
				DEBUG_INFORMATION_FORMAT = "dwarf-with-dsym";
				ENABLE_NS_ASSERTIONS = NO;
				ENABLE_STRICT_OBJC_MSGSEND = YES;
				GCC_C_LANGUAGE_STANDARD = gnu11;
				GCC_NO_COMMON_BLOCKS = YES;
				GCC_WARN_64_TO_32_BIT_CONVERSION = YES;
				GCC_WARN_ABOUT_RETURN_TYPE = YES_ERROR;
				GCC_WARN_UNDECLARED_SELECTOR = YES;
				GCC_WARN_UNINITIALIZED_AUTOS = YES_AGGRESSIVE;
				GCC_WARN_UNUSED_FUNCTION = YES;
				GCC_WARN_UNUSED_VARIABLE = YES;
				IPHONEOS_DEPLOYMENT_TARGET = 15.4;
				MTL_ENABLE_DEBUG_INFO = NO;
				MTL_FAST_MATH = YES;
				SDKROOT = iphoneos;
				VALIDATE_PRODUCT = YES;
			};
			name = Release;
		};
		8589A46627E9FE7900BC2039 /* Debug */ = {
			isa = XCBuildConfiguration;
			buildSettings = {
				ASSETCATALOG_COMPILER_APPICON_NAME = AppIcon;
				ASSETCATALOG_COMPILER_GLOBAL_ACCENT_COLOR_NAME = AccentColor;
				CODE_SIGN_STYLE = Automatic;
				CURRENT_PROJECT_VERSION = 1;
				DEVELOPMENT_TEAM = 97N29G979Y;
				GENERATE_INFOPLIST_FILE = YES;
				INFOPLIST_FILE = delay_and_call_method/Info.plist;
				INFOPLIST_KEY_UIApplicationSupportsIndirectInputEvents = YES;
				INFOPLIST_KEY_UILaunchStoryboardName = LaunchScreen;
				INFOPLIST_KEY_UIMainStoryboardFile = Main;
				INFOPLIST_KEY_UISupportedInterfaceOrientations_iPad = "UIInterfaceOrientationPortrait UIInterfaceOrientationPortraitUpsideDown UIInterfaceOrientationLandscapeLeft UIInterfaceOrientationLandscapeRight";
				INFOPLIST_KEY_UISupportedInterfaceOrientations_iPhone = "UIInterfaceOrientationPortrait UIInterfaceOrientationLandscapeLeft UIInterfaceOrientationLandscapeRight";
				LD_RUNPATH_SEARCH_PATHS = (
					"$(inherited)",
					"@executable_path/Frameworks",
				);
				MARKETING_VERSION = 1.0;
				PRODUCT_BUNDLE_IDENTIFIER = "john.delay-and-call-method";
				PRODUCT_NAME = "$(TARGET_NAME)";
				SWIFT_EMIT_LOC_STRINGS = YES;
				TARGETED_DEVICE_FAMILY = "1,2";
			};
			name = Debug;
		};
		8589A46727E9FE7900BC2039 /* Release */ = {
			isa = XCBuildConfiguration;
			buildSettings = {
				ASSETCATALOG_COMPILER_APPICON_NAME = AppIcon;
				ASSETCATALOG_COMPILER_GLOBAL_ACCENT_COLOR_NAME = AccentColor;
				CODE_SIGN_STYLE = Automatic;
				CURRENT_PROJECT_VERSION = 1;
				DEVELOPMENT_TEAM = 97N29G979Y;
				GENERATE_INFOPLIST_FILE = YES;
				INFOPLIST_FILE = delay_and_call_method/Info.plist;
				INFOPLIST_KEY_UIApplicationSupportsIndirectInputEvents = YES;
				INFOPLIST_KEY_UILaunchStoryboardName = LaunchScreen;
				INFOPLIST_KEY_UIMainStoryboardFile = Main;
				INFOPLIST_KEY_UISupportedInterfaceOrientations_iPad = "UIInterfaceOrientationPortrait UIInterfaceOrientationPortraitUpsideDown UIInterfaceOrientationLandscapeLeft UIInterfaceOrientationLandscapeRight";
				INFOPLIST_KEY_UISupportedInterfaceOrientations_iPhone = "UIInterfaceOrientationPortrait UIInterfaceOrientationLandscapeLeft UIInterfaceOrientationLandscapeRight";
				LD_RUNPATH_SEARCH_PATHS = (
					"$(inherited)",
					"@executable_path/Frameworks",
				);
				MARKETING_VERSION = 1.0;
				PRODUCT_BUNDLE_IDENTIFIER = "john.delay-and-call-method";
				PRODUCT_NAME = "$(TARGET_NAME)";
				SWIFT_EMIT_LOC_STRINGS = YES;
				TARGETED_DEVICE_FAMILY = "1,2";
			};
			name = Release;
		};
		8589A46927E9FE7900BC2039 /* Debug */ = {
			isa = XCBuildConfiguration;
			buildSettings = {
				BUNDLE_LOADER = "$(TEST_HOST)";
				CODE_SIGN_STYLE = Automatic;
				CURRENT_PROJECT_VERSION = 1;
				DEVELOPMENT_TEAM = 97N29G979Y;
				GENERATE_INFOPLIST_FILE = YES;
				IPHONEOS_DEPLOYMENT_TARGET = 15.4;
				MARKETING_VERSION = 1.0;
				PRODUCT_BUNDLE_IDENTIFIER = "john.delay-and-call-methodTests";
				PRODUCT_NAME = "$(TARGET_NAME)";
				SWIFT_EMIT_LOC_STRINGS = NO;
				TARGETED_DEVICE_FAMILY = "1,2";
				TEST_HOST = "$(BUILT_PRODUCTS_DIR)/delay_and_call_method.app/delay_and_call_method";
			};
			name = Debug;
		};
		8589A46A27E9FE7900BC2039 /* Release */ = {
			isa = XCBuildConfiguration;
			buildSettings = {
				BUNDLE_LOADER = "$(TEST_HOST)";
				CODE_SIGN_STYLE = Automatic;
				CURRENT_PROJECT_VERSION = 1;
				DEVELOPMENT_TEAM = 97N29G979Y;
				GENERATE_INFOPLIST_FILE = YES;
				IPHONEOS_DEPLOYMENT_TARGET = 15.4;
				MARKETING_VERSION = 1.0;
				PRODUCT_BUNDLE_IDENTIFIER = "john.delay-and-call-methodTests";
				PRODUCT_NAME = "$(TARGET_NAME)";
				SWIFT_EMIT_LOC_STRINGS = NO;
				TARGETED_DEVICE_FAMILY = "1,2";
				TEST_HOST = "$(BUILT_PRODUCTS_DIR)/delay_and_call_method.app/delay_and_call_method";
			};
			name = Release;
		};
		8589A46C27E9FE7900BC2039 /* Debug */ = {
			isa = XCBuildConfiguration;
			buildSettings = {
				CODE_SIGN_STYLE = Automatic;
				CURRENT_PROJECT_VERSION = 1;
				DEVELOPMENT_TEAM = 97N29G979Y;
				GENERATE_INFOPLIST_FILE = YES;
				MARKETING_VERSION = 1.0;
				PRODUCT_BUNDLE_IDENTIFIER = "john.delay-and-call-methodUITests";
				PRODUCT_NAME = "$(TARGET_NAME)";
				SWIFT_EMIT_LOC_STRINGS = NO;
				TARGETED_DEVICE_FAMILY = "1,2";
				TEST_TARGET_NAME = delay_and_call_method;
			};
			name = Debug;
		};
		8589A46D27E9FE7900BC2039 /* Release */ = {
			isa = XCBuildConfiguration;
			buildSettings = {
				CODE_SIGN_STYLE = Automatic;
				CURRENT_PROJECT_VERSION = 1;
				DEVELOPMENT_TEAM = 97N29G979Y;
				GENERATE_INFOPLIST_FILE = YES;
				MARKETING_VERSION = 1.0;
				PRODUCT_BUNDLE_IDENTIFIER = "john.delay-and-call-methodUITests";
				PRODUCT_NAME = "$(TARGET_NAME)";
				SWIFT_EMIT_LOC_STRINGS = NO;
				TARGETED_DEVICE_FAMILY = "1,2";
				TEST_TARGET_NAME = delay_and_call_method;
			};
			name = Release;
		};
/* End XCBuildConfiguration section */

/* Begin XCConfigurationList section */
		8589A43127E9FE7800BC2039 /* Build configuration list for PBXProject "delay_and_call_method" */ = {
			isa = XCConfigurationList;
			buildConfigurations = (
				8589A46327E9FE7900BC2039 /* Debug */,
				8589A46427E9FE7900BC2039 /* Release */,
			);
			defaultConfigurationIsVisible = 0;
			defaultConfigurationName = Release;
		};
		8589A46527E9FE7900BC2039 /* Build configuration list for PBXNativeTarget "delay_and_call_method" */ = {
			isa = XCConfigurationList;
			buildConfigurations = (
				8589A46627E9FE7900BC2039 /* Debug */,
				8589A46727E9FE7900BC2039 /* Release */,
			);
			defaultConfigurationIsVisible = 0;
			defaultConfigurationName = Release;
		};
		8589A46827E9FE7900BC2039 /* Build configuration list for PBXNativeTarget "delay_and_call_methodTests" */ = {
			isa = XCConfigurationList;
			buildConfigurations = (
				8589A46927E9FE7900BC2039 /* Debug */,
				8589A46A27E9FE7900BC2039 /* Release */,
			);
			defaultConfigurationIsVisible = 0;
			defaultConfigurationName = Release;
		};
		8589A46B27E9FE7900BC2039 /* Build configuration list for PBXNativeTarget "delay_and_call_methodUITests" */ = {
			isa = XCConfigurationList;
			buildConfigurations = (
				8589A46C27E9FE7900BC2039 /* Debug */,
				8589A46D27E9FE7900BC2039 /* Release */,
			);
			defaultConfigurationIsVisible = 0;
			defaultConfigurationName = Release;
		};
/* End XCConfigurationList section */
	};
	rootObject = 8589A42E27E9FE7800BC2039 /* Project object */;
}
